# THIS IS AN AUTOGENERATED FILE. DO NOT EDIT THIS FILE DIRECTLY.
# yarn lockfile v1


"@babel/code-frame@^7.0.0":
  version "7.22.5"
  resolved "https://registry.npmmirror.com/@babel/code-frame/-/code-frame-7.22.5.tgz"
  integrity sha512-Xmwn266vad+6DAqEB2A6V/CcZVp62BbwVmcOJc2RPuwih1kw02TjQvWVWlcKGbBPd+8/0V5DEkOcizRGYsspYQ==
  dependencies:
    "@babel/highlight" "^7.22.5"

"@babel/helper-validator-identifier@^7.22.5":
  version "7.22.5"
  resolved "https://registry.npmmirror.com/@babel/helper-validator-identifier/-/helper-validator-identifier-7.22.5.tgz"
  integrity sha512-aJXu+6lErq8ltp+JhkJUfk1MTGyuA4v7f3pA+BJ5HLfNC6nAQ0Cpi9uOquUj8Hehg0aUiHzWQbOVJGao6ztBAQ==

"@babel/highlight@^7.22.5":
  version "7.22.5"
  resolved "https://registry.npmmirror.com/@babel/highlight/-/highlight-7.22.5.tgz"
  integrity sha512-BSKlD1hgnedS5XRnGOljZawtag7H1yPfQp0tdNJCHoH6AZ+Pcm9VvkrK59/Yy593Ypg0zMxH2BxD1VPYUQ7UIw==
  dependencies:
    "@babel/helper-validator-identifier" "^7.22.5"
    chalk "^2.0.0"
    js-tokens "^4.0.0"

"@babel/runtime@^7.7.2":
  version "7.22.5"
  resolved "https://registry.npmmirror.com/@babel/runtime/-/runtime-7.22.5.tgz"
  integrity sha512-ecjvYlnAaZ/KVneE/OdKYBYfgXV3Ptu6zQWmgEF7vwKhQnvVS6bjMD2XYgj+SNvQ1GfK/pjgokfPkC/2CO8CuA==
  dependencies:
    regenerator-runtime "^0.13.11"

"@node-rs/jieba-win32-x64-msvc@1.7.0":
  version "1.7.0"
  resolved "https://registry.npmmirror.com/@node-rs/jieba-win32-x64-msvc/-/jieba-win32-x64-msvc-1.7.0.tgz"
  integrity sha512-pJv7nluB6azhsOWvJB86Dyfg/M7n9k49bs9Bwmsylz9uhdZX9QnEShDW934RdmnjPYQ5aPgsSFrY6NXP/aovUA==

"@node-rs/jieba@^1.6.0":
  version "1.7.0"
  resolved "https://registry.npmmirror.com/@node-rs/jieba/-/jieba-1.7.0.tgz"
  integrity sha512-Hm1JIlejxkWe1FSFZRns/g1j5hZmp357n+0n2BluABA4KLZ8EraHfPmPRmVMW6vbdMZObTYIVu5aVrPnUfBOxg==
  optionalDependencies:
    "@node-rs/jieba-android-arm-eabi" "1.7.0"
    "@node-rs/jieba-android-arm64" "1.7.0"
    "@node-rs/jieba-darwin-arm64" "1.7.0"
    "@node-rs/jieba-darwin-x64" "1.7.0"
    "@node-rs/jieba-freebsd-x64" "1.7.0"
    "@node-rs/jieba-linux-arm-gnueabihf" "1.7.0"
    "@node-rs/jieba-linux-arm64-gnu" "1.7.0"
    "@node-rs/jieba-linux-arm64-musl" "1.7.0"
    "@node-rs/jieba-linux-x64-gnu" "1.7.0"
    "@node-rs/jieba-linux-x64-musl" "1.7.0"
    "@node-rs/jieba-win32-arm64-msvc" "1.7.0"
    "@node-rs/jieba-win32-ia32-msvc" "1.7.0"
    "@node-rs/jieba-win32-x64-msvc" "1.7.0"

"@octokit/app@^15.0.0":
  version "15.0.1"
  resolved "https://registry.npmmirror.com/@octokit/app/-/app-15.0.1.tgz"
  integrity sha512-nwSjC349E6/wruMCo944y1dBC7uKzUYrBMoC4Qx/xfLLBmD+R66oMKB1jXS2HYRF9Hqh/Alq3UNRggVWZxjvUg==
  dependencies:
    "@octokit/auth-app" "^7.0.0"
    "@octokit/auth-unauthenticated" "^6.0.0"
    "@octokit/core" "^6.1.2"
    "@octokit/oauth-app" "^7.0.0"
    "@octokit/plugin-paginate-rest" "^11.0.0"
    "@octokit/types" "^13.0.0"
    "@octokit/webhooks" "^13.0.0"

"@octokit/auth-app@^7.0.0":
  version "7.1.0"
  resolved "https://registry.npmmirror.com/@octokit/auth-app/-/auth-app-7.1.0.tgz"
  integrity sha512-cazGaJPSgeZ8NkVYeM/C5l/6IQ5vZnsI8p1aMucadCkt/bndI+q+VqwrlnWbASRmenjOkf1t1RpCKrif53U8gw==
  dependencies:
    "@octokit/auth-oauth-app" "^8.1.0"
    "@octokit/auth-oauth-user" "^5.1.0"
    "@octokit/request" "^9.1.1"
    "@octokit/request-error" "^6.1.1"
    "@octokit/types" "^13.4.1"
    lru-cache "^10.0.0"
    universal-github-app-jwt "^2.2.0"
    universal-user-agent "^7.0.0"

"@octokit/auth-oauth-app@^8.0.0", "@octokit/auth-oauth-app@^8.1.0":
  version "8.1.1"
  resolved "https://registry.npmmirror.com/@octokit/auth-oauth-app/-/auth-oauth-app-8.1.1.tgz"
  integrity sha512-5UtmxXAvU2wfcHIPPDWzVSAWXVJzG3NWsxb7zCFplCWEmMCArSZV0UQu5jw5goLQXbFyOr5onzEH37UJB3zQQg==
  dependencies:
    "@octokit/auth-oauth-device" "^7.0.0"
    "@octokit/auth-oauth-user" "^5.0.1"
    "@octokit/request" "^9.0.0"
    "@octokit/types" "^13.0.0"
    universal-user-agent "^7.0.0"

"@octokit/auth-oauth-device@^7.0.0", "@octokit/auth-oauth-device@^7.0.1":
  version "7.1.1"
  resolved "https://registry.npmmirror.com/@octokit/auth-oauth-device/-/auth-oauth-device-7.1.1.tgz"
  integrity sha512-HWl8lYueHonuyjrKKIup/1tiy0xcmQCdq5ikvMO1YwkNNkxb6DXfrPjrMYItNLyCP/o2H87WuijuE+SlBTT8eg==
  dependencies:
    "@octokit/oauth-methods" "^5.0.0"
    "@octokit/request" "^9.0.0"
    "@octokit/types" "^13.0.0"
    universal-user-agent "^7.0.0"

"@octokit/auth-oauth-user@^5.0.1", "@octokit/auth-oauth-user@^5.1.0":
  version "5.1.1"
  resolved "https://registry.npmmirror.com/@octokit/auth-oauth-user/-/auth-oauth-user-5.1.1.tgz"
  integrity sha512-rRkMz0ErOppdvEfnemHJXgZ9vTPhBuC6yASeFaB7I2yLMd7QpjfrL1mnvRPlyKo+M6eeLxrKanXJ9Qte29SRsw==
  dependencies:
    "@octokit/auth-oauth-device" "^7.0.1"
    "@octokit/oauth-methods" "^5.0.0"
    "@octokit/request" "^9.0.1"
    "@octokit/types" "^13.0.0"
    universal-user-agent "^7.0.0"

"@octokit/auth-token@^5.0.0":
  version "5.1.1"
  resolved "https://registry.npmmirror.com/@octokit/auth-token/-/auth-token-5.1.1.tgz"
  integrity sha512-rh3G3wDO8J9wSjfI436JUKzHIxq8NaiL0tVeB2aXmG6p/9859aUOAjA9pmSPNGGZxfwmaJ9ozOJImuNVJdpvbA==

"@octokit/auth-unauthenticated@^6.0.0", "@octokit/auth-unauthenticated@^6.0.0-beta.1":
  version "6.1.0"
  resolved "https://registry.npmmirror.com/@octokit/auth-unauthenticated/-/auth-unauthenticated-6.1.0.tgz"
  integrity sha512-zPSmfrUAcspZH/lOFQnVnvjQZsIvmfApQH6GzJrkIunDooU1Su2qt2FfMTSVPRp7WLTQyC20Kd55lF+mIYaohQ==
  dependencies:
    "@octokit/request-error" "^6.0.1"
    "@octokit/types" "^13.0.0"

"@octokit/core@^6.0.0", "@octokit/core@^6.1.2", "@octokit/core@>=6":
  version "6.1.2"
  resolved "https://registry.npmmirror.com/@octokit/core/-/core-6.1.2.tgz"
  integrity sha512-hEb7Ma4cGJGEUNOAVmyfdB/3WirWMg5hDuNFVejGEDFqupeOysLc2sG6HJxY2etBp5YQu5Wtxwi020jS9xlUwg==
  dependencies:
    "@octokit/auth-token" "^5.0.0"
    "@octokit/graphql" "^8.0.0"
    "@octokit/request" "^9.0.0"
    "@octokit/request-error" "^6.0.1"
    "@octokit/types" "^13.0.0"
    before-after-hook "^3.0.2"
    universal-user-agent "^7.0.0"

"@octokit/endpoint@^10.0.0":
  version "10.1.1"
  resolved "https://registry.npmmirror.com/@octokit/endpoint/-/endpoint-10.1.1.tgz"
  integrity sha512-JYjh5rMOwXMJyUpj028cu0Gbp7qe/ihxfJMLc8VZBMMqSwLgOxDI1911gV4Enl1QSavAQNJcwmwBF9M0VvLh6Q==
  dependencies:
    "@octokit/types" "^13.0.0"
    universal-user-agent "^7.0.2"

"@octokit/graphql@^8.0.0":
  version "8.1.1"
  resolved "https://registry.npmmirror.com/@octokit/graphql/-/graphql-8.1.1.tgz"
  integrity sha512-ukiRmuHTi6ebQx/HFRCXKbDlOh/7xEV6QUXaE7MJEKGNAncGI/STSbOkl12qVXZrfZdpXctx5O9X1AIaebiDBg==
  dependencies:
    "@octokit/request" "^9.0.0"
    "@octokit/types" "^13.0.0"
    universal-user-agent "^7.0.0"

"@octokit/oauth-app@^7.0.0":
  version "7.1.2"
  resolved "https://registry.npmmirror.com/@octokit/oauth-app/-/oauth-app-7.1.2.tgz"
  integrity sha512-4ntCOZIiTozKwuYQroX/ZD722tzMH8Eicv/cgDM/3F3lyrlwENHDv4flTCBpSJbfK546B2SrkKMWB+/HbS84zQ==
  dependencies:
    "@octokit/auth-oauth-app" "^8.0.0"
    "@octokit/auth-oauth-user" "^5.0.1"
    "@octokit/auth-unauthenticated" "^6.0.0-beta.1"
    "@octokit/core" "^6.0.0"
    "@octokit/oauth-authorization-url" "^7.0.0"
    "@octokit/oauth-methods" "^5.0.0"
    "@types/aws-lambda" "^8.10.83"
    universal-user-agent "^7.0.0"

"@octokit/oauth-authorization-url@^7.0.0":
  version "7.1.1"
  resolved "https://registry.npmmirror.com/@octokit/oauth-authorization-url/-/oauth-authorization-url-7.1.1.tgz"
  integrity sha512-ooXV8GBSabSWyhLUowlMIVd9l1s2nsOGQdlP2SQ4LnkEsGXzeCvbSbCPdZThXhEFzleGPwbapT0Sb+YhXRyjCA==

"@octokit/oauth-methods@^5.0.0":
  version "5.1.2"
  resolved "https://registry.npmmirror.com/@octokit/oauth-methods/-/oauth-methods-5.1.2.tgz"
  integrity sha512-C5lglRD+sBlbrhCUTxgJAFjWgJlmTx5bQ7Ch0+2uqRjYv7Cfb5xpX4WuSC9UgQna3sqRGBL9EImX9PvTpMaQ7g==
  dependencies:
    "@octokit/oauth-authorization-url" "^7.0.0"
    "@octokit/request" "^9.1.0"
    "@octokit/request-error" "^6.1.0"
    "@octokit/types" "^13.0.0"

"@octokit/openapi-types@^22.2.0":
  version "22.2.0"
  resolved "https://registry.npmmirror.com/@octokit/openapi-types/-/openapi-types-22.2.0.tgz"
  integrity sha512-QBhVjcUa9W7Wwhm6DBFu6ZZ+1/t/oYxqc2tp81Pi41YNuJinbFRx8B133qVOrAaBbF7D/m0Et6f9/pZt9Rc+tg==

"@octokit/openapi-webhooks-types@8.2.1":
  version "8.2.1"
  resolved "https://registry.npmmirror.com/@octokit/openapi-webhooks-types/-/openapi-webhooks-types-8.2.1.tgz"
  integrity sha512-msAU1oTSm0ZmvAE0xDemuF4tVs5i0xNnNGtNmr4EuATi+1Rn8cZDetj6NXioSf5LwnxEc209COa/WOSbjuhLUA==

"@octokit/plugin-paginate-graphql@^5.0.0":
  version "5.2.2"
  resolved "https://registry.npmmirror.com/@octokit/plugin-paginate-graphql/-/plugin-paginate-graphql-5.2.2.tgz"
  integrity sha512-7znSVvlNAOJisCqAnjN1FtEziweOHSjPGAuc5W58NeGNAr/ZB57yCsjQbXDlWsVryA7hHQaEQPcBbJYFawlkyg==

"@octokit/plugin-paginate-rest@^11.0.0":
  version "11.3.0"
  resolved "https://registry.npmmirror.com/@octokit/plugin-paginate-rest/-/plugin-paginate-rest-11.3.0.tgz"
  integrity sha512-n4znWfRinnUQF6TPyxs7EctSAA3yVSP4qlJP2YgI3g9d4Ae2n5F3XDOjbUluKRxPU3rfsgpOboI4O4VtPc6Ilg==
  dependencies:
    "@octokit/types" "^13.5.0"

"@octokit/plugin-rest-endpoint-methods@^13.0.0":
  version "13.2.1"
  resolved "https://registry.npmmirror.com/@octokit/plugin-rest-endpoint-methods/-/plugin-rest-endpoint-methods-13.2.1.tgz"
  integrity sha512-YMWBw6Exh1ZBs5cCE0AnzYxSQDIJS00VlBqISTgNYmu5MBdeM07K/MAJjy/VkNaH5jpJmD/5HFUvIZ+LDB5jSQ==
  dependencies:
    "@octokit/types" "^13.5.0"

"@octokit/plugin-retry@^7.0.0":
  version "7.1.1"
  resolved "https://registry.npmmirror.com/@octokit/plugin-retry/-/plugin-retry-7.1.1.tgz"
  integrity sha512-G9Ue+x2odcb8E1XIPhaFBnTTIrrUDfXN05iFXiqhR+SeeeDMMILcAnysOsxUpEWcQp2e5Ft397FCXTcPkiPkLw==
  dependencies:
    "@octokit/request-error" "^6.0.0"
    "@octokit/types" "^13.0.0"
    bottleneck "^2.15.3"

"@octokit/plugin-throttling@^9.0.0":
  version "9.3.0"
  resolved "https://registry.npmmirror.com/@octokit/plugin-throttling/-/plugin-throttling-9.3.0.tgz"
  integrity sha512-B5YTToSRTzNSeEyssnrT7WwGhpIdbpV9NKIs3KyTWHX6PhpYn7gqF/+lL3BvsASBM3Sg5BAUYk7KZx5p/Ec77w==
  dependencies:
    "@octokit/types" "^13.0.0"
    bottleneck "^2.15.3"

"@octokit/request-error@^6.0.0", "@octokit/request-error@^6.0.1", "@octokit/request-error@^6.1.0", "@octokit/request-error@^6.1.1":
  version "6.1.1"
  resolved "https://registry.npmmirror.com/@octokit/request-error/-/request-error-6.1.1.tgz"
  integrity sha512-1mw1gqT3fR/WFvnoVpY/zUM2o/XkMs/2AszUUG9I69xn0JFLv6PGkPhNk5lbfvROs79wiS0bqiJNxfCZcRJJdg==
  dependencies:
    "@octokit/types" "^13.0.0"

"@octokit/request@^9.0.0", "@octokit/request@^9.0.1", "@octokit/request@^9.1.0", "@octokit/request@^9.1.1":
  version "9.1.1"
  resolved "https://registry.npmmirror.com/@octokit/request/-/request-9.1.1.tgz"
  integrity sha512-pyAguc0p+f+GbQho0uNetNQMmLG1e80WjkIaqqgUkihqUp0boRU6nKItXO4VWnr+nbZiLGEyy4TeKRwqaLvYgw==
  dependencies:
    "@octokit/endpoint" "^10.0.0"
    "@octokit/request-error" "^6.0.1"
    "@octokit/types" "^13.1.0"
    universal-user-agent "^7.0.2"

"@octokit/types@^13.0.0", "@octokit/types@^13.1.0", "@octokit/types@^13.4.1", "@octokit/types@^13.5.0":
  version "13.5.0"
  resolved "https://registry.npmmirror.com/@octokit/types/-/types-13.5.0.tgz"
  integrity sha512-HdqWTf5Z3qwDVlzCrP8UJquMwunpDiMPt5er+QjGzL4hqr/vBVY/MauQgS1xWxCDT1oMx1EULyqxncdCY/NVSQ==
  dependencies:
    "@octokit/openapi-types" "^22.2.0"

"@octokit/webhooks-methods@^5.0.0":
  version "5.1.0"
  resolved "https://registry.npmmirror.com/@octokit/webhooks-methods/-/webhooks-methods-5.1.0.tgz"
  integrity sha512-yFZa3UH11VIxYnnoOYCVoJ3q4ChuSOk2IVBBQ0O3xtKX4x9bmKb/1t+Mxixv2iUhzMdOl1qeWJqEhouXXzB3rQ==

"@octokit/webhooks@^13.0.0":
  version "13.2.7"
  resolved "https://registry.npmmirror.com/@octokit/webhooks/-/webhooks-13.2.7.tgz"
  integrity sha512-sPHCyi9uZuCs1gg0yF53FFocM+GsiiBEhQQV/itGzzQ8gjyv2GMJ1YvgdDY4lC0ePZeiV3juEw4GbS6w1VHhRw==
  dependencies:
    "@octokit/openapi-webhooks-types" "8.2.1"
    "@octokit/request-error" "^6.0.1"
    "@octokit/webhooks-methods" "^5.0.0"
    aggregate-error "^5.0.0"

"@types/aws-lambda@^8.10.83":
  version "8.10.137"
  resolved "https://registry.npmmirror.com/@types/aws-lambda/-/aws-lambda-8.10.137.tgz"
  integrity sha512-YNFwzVarXAOXkjuFxONyDw1vgRNzyH8AuyN19s0bM+ChSu/bzxb5XPxYFLXoqoM+tvgzwR3k7fXcEOW125yJxg==

"@types/parse-json@^4.0.0":
  version "4.0.0"
  resolved "https://registry.npmmirror.com/@types/parse-json/-/parse-json-4.0.0.tgz"
  integrity sha512-//oorEZjL6sbPcKUaCdIGlIUeH26mgzimjBB77G6XRgnDl/L5wOnpyBGRe/Mmf5CVW3PwEBE1NjiMZ/ssFh4wA==

adm-zip@^0.5.12:
  version "0.5.12"
  resolved "https://registry.npmmirror.com/adm-zip/-/adm-zip-0.5.12.tgz"
  integrity sha512-6TVU49mK6KZb4qG6xWaaM4C7sA/sgUMLy/JYMOzkcp3BvVLpW0fXDFQiIzAuxFCt/2+xD7fNIiPFAoLZPhVNLQ==

aggregate-error@^5.0.0:
  version "5.0.0"
  resolved "https://registry.npmmirror.com/aggregate-error/-/aggregate-error-5.0.0.tgz"
  integrity sha512-gOsf2YwSlleG6IjRYG2A7k0HmBMEo6qVNk9Bp/EaLgAJT5ngH6PXbqa4ItvnEwCm/velL5jAnQgsHsWnjhGmvw==
  dependencies:
    clean-stack "^5.2.0"
    indent-string "^5.0.0"

ansi-styles@^3.2.1:
  version "3.2.1"
  resolved "https://registry.npmmirror.com/ansi-styles/-/ansi-styles-3.2.1.tgz"
  integrity sha512-VT0ZI6kZRdTh8YyJw3SMbYm/u+NqfsAxEpWO0Pf9sq8/e94WxxOpPKx9FR1FlyCtOVDNOQ+8ntlqFxiRc+r5qA==
  dependencies:
    color-convert "^1.9.0"

babel-plugin-macros@^2.6.1:
  version "2.8.0"
  resolved "https://registry.npmmirror.com/babel-plugin-macros/-/babel-plugin-macros-2.8.0.tgz"
  integrity sha512-SEP5kJpfGYqYKpBrj5XU3ahw5p5GOHJ0U5ssOSQ/WBVdwkD2Dzlce95exQTs3jOVWPPKLBN2rlEWkCK7dSmLvg==
  dependencies:
    "@babel/runtime" "^7.7.2"
    cosmiconfig "^6.0.0"
    resolve "^1.12.0"

babel-plugin-preval@^4.0.0:
  version "4.0.0"
  resolved "https://registry.npmmirror.com/babel-plugin-preval/-/babel-plugin-preval-4.0.0.tgz"
  integrity sha512-fZI/4cYneinlj2k/FsXw0/lTWSC5KKoepUueS1g25Gb5vx3GrRyaVwxWCshYqx11GEU4mZnbbFhee8vpquFS2w==
  dependencies:
    "@babel/runtime" "^7.7.2"
    babel-plugin-macros "^2.6.1"
    require-from-string "^2.0.2"

before-after-hook@^3.0.2:
  version "3.0.2"
  resolved "https://registry.npmmirror.com/before-after-hook/-/before-after-hook-3.0.2.tgz"
  integrity sha512-Nik3Sc0ncrMK4UUdXQmAnRtzmNQTAAXmXIopizwZ1W1t8QmfJj+zL4OA2I7XPTPW5z5TDqv4hRo/JzouDJnX3A==

bottleneck@^2.15.3:
  version "2.19.5"
  resolved "https://registry.npmmirror.com/bottleneck/-/bottleneck-2.19.5.tgz"
  integrity sha512-VHiNCbI1lKdl44tGrhNfU3lup0Tj/ZBMJB5/2ZbNXRCPuRCO7ed2mgcK4r17y+KB2EfuYuRaVlwNbAeaWGSpbw==

callsites@^3.0.0:
  version "3.1.0"
  resolved "https://registry.npmmirror.com/callsites/-/callsites-3.1.0.tgz"
  integrity sha512-P8BjAsXvZS+VIDUI11hHCQEv74YT67YUi5JJFNWIqL235sBmjX4+qx9Muvls5ivyNENctx46xQLQ3aTuE7ssaQ==

chalk@^2.0.0:
  version "2.4.2"
  resolved "https://registry.npmmirror.com/chalk/-/chalk-2.4.2.tgz"
  integrity sha512-Mti+f9lpJNcwF4tWV8/OrTTtF1gZi+f8FqlyAdouralcFWFQWF2+NgCHShjkCb+IFBLq9buZwE1xckQU4peSuQ==
  dependencies:
    ansi-styles "^3.2.1"
    escape-string-regexp "^1.0.5"
    supports-color "^5.3.0"

clean-stack@^5.2.0:
  version "5.2.0"
  resolved "https://registry.npmmirror.com/clean-stack/-/clean-stack-5.2.0.tgz"
  integrity sha512-TyUIUJgdFnCISzG5zu3291TAsE77ddchd0bepon1VVQrKLGKFED4iXFEDQ24mIPdPBbyE16PK3F8MYE1CmcBEQ==
  dependencies:
    escape-string-regexp "5.0.0"

color-convert@^1.9.0:
  version "1.9.3"
  resolved "https://registry.npmmirror.com/color-convert/-/color-convert-1.9.3.tgz"
  integrity sha512-QfAUtd+vFdAtFQcC8CCyYt1fYWxSqAiK2cSD6zDB8N3cpsEBAvRxp9zOGg6G/SHHJYAT88/az/IuDGALsNVbGg==
  dependencies:
    color-name "1.1.3"

color-name@1.1.3:
  version "1.1.3"
  resolved "https://registry.npmmirror.com/color-name/-/color-name-1.1.3.tgz"
  integrity sha512-72fSenhMw2HZMTVHeCA9KCmpEIbzWiQsjN+BHcBbS9vr1mtt+vJjPdksIBNUmKAW8TFUDPJK5SUU3QhE9NEXDw==

commander@^6.0.0:
  version "6.2.1"
  resolved "https://registry.npmmirror.com/commander/-/commander-6.2.1.tgz"
  integrity sha512-U7VdrJFnJgo4xjrHpTzu0yrHPGImdsmD95ZlgYSEajAn2JKzDhDTPG9kBTefmObL2w/ngeZnilk+OV9CG3d7UA==

commander@~1.1.1:
  version "1.1.1"
  resolved "https://registry.npmmirror.com/commander/-/commander-1.1.1.tgz"
  integrity sha512-71Rod2AhcH3JhkBikVpNd0pA+fWsmAaVoti6OR38T76chA7vE3pSerS0Jor4wDw+tOueD2zLVvFOw5H0Rcj7rA==
  dependencies:
    keypress "0.1.x"

cosmiconfig@^6.0.0:
  version "6.0.0"
  resolved "https://registry.npmmirror.com/cosmiconfig/-/cosmiconfig-6.0.0.tgz"
  integrity sha512-xb3ZL6+L8b9JLLCx3ZdoZy4+2ECphCMo2PwqgP1tlfVq6M6YReyzBJtvWWtbDSpNr9hn96pkCiZqUcFEc+54Qg==
  dependencies:
    "@types/parse-json" "^4.0.0"
    import-fresh "^3.1.0"
    parse-json "^5.0.0"
    path-type "^4.0.0"
    yaml "^1.7.2"

encoding@^0.1.12:
  version "0.1.13"
  resolved "https://registry.npmmirror.com/encoding/-/encoding-0.1.13.tgz"
  integrity sha512-ETBauow1T35Y/WZMkio9jiM0Z5xjHHmJ4XmjZOq1l/dXz3lr2sRn87nJy20RupqSh1F2m3HHPSp8ShIPQJrJ3A==
  dependencies:
    iconv-lite "^0.6.2"

error-ex@^1.3.1:
  version "1.3.2"
  resolved "https://registry.npmmirror.com/error-ex/-/error-ex-1.3.2.tgz"
  integrity sha512-7dFHNmqeFSEt2ZBsCriorKnn3Z2pj+fd9kmI6QoWw4//DL+icEBfc0U7qJCisqrTsKTjw4fNFy2pW9OqStD84g==
  dependencies:
    is-arrayish "^0.2.1"

escape-string-regexp@^1.0.5:
  version "1.0.5"
  resolved "https://registry.npmmirror.com/escape-string-regexp/-/escape-string-regexp-1.0.5.tgz"
  integrity sha512-vbRorB5FUQWvla16U8R/qgaFIya2qGzwDrNmCZuYKrbdSUMG6I1ZCGQRefkRVhuOkIGVne7BQ35DSfo1qvJqFg==

escape-string-regexp@5.0.0:
  version "5.0.0"
  resolved "https://registry.npmmirror.com/escape-string-regexp/-/escape-string-regexp-5.0.0.tgz"
  integrity sha512-/veY75JbMK4j1yjvuUxuVsiS/hr/4iHs9FTT6cgTexxdE0Ly/glccBAkloH/DofkjRbZU3bnoj38mOmhkZ0lHw==

function-bind@^1.1.1:
  version "1.1.1"
  resolved "https://registry.npmmirror.com/function-bind/-/function-bind-1.1.1.tgz"
  integrity sha512-yIovAzMX49sF8Yl58fSCWJ5svSLuaibPxXQJFLmBObTuCr0Mf1KiPopGM9NiFjiYBCbfaa2Fh6breQ6ANVTI0A==

gettext-parser@^1.4.0:
  version "1.4.0"
  resolved "https://registry.npmmirror.com/gettext-parser/-/gettext-parser-1.4.0.tgz"
  integrity sha512-sedZYLHlHeBop/gZ1jdg59hlUEcpcZJofLq2JFwJT1zTqAU3l2wFv6IsuwFHGqbiT9DWzMUW4/em2+hspnmMMA==
  dependencies:
    encoding "^0.1.12"
    safe-buffer "^5.1.1"

gettext-parser@2.0.0:
  version "2.0.0"
  resolved "https://registry.npmmirror.com/gettext-parser/-/gettext-parser-2.0.0.tgz"
  integrity sha512-FDs/7XjNw58ToQwJFO7avZZbPecSYgw8PBYhd0An+4JtZSrSzKhEvTsVV2uqdO7VziWTOGSgLGD5YRPdsCjF7Q==
  dependencies:
    encoding "^0.1.12"
    safe-buffer "^5.1.2"

gettext-to-messageformat@0.3.1:
  version "0.3.1"
  resolved "https://registry.npmmirror.com/gettext-to-messageformat/-/gettext-to-messageformat-0.3.1.tgz"
  integrity sha512-UyqIL3Ul4NryU95Wome/qtlcuVIqgEWVIFw0zi7Lv14ACLXfaVDCbrjZ7o+3BZ7u+4NS1mP/2O1eXZoHCoas8g==
  dependencies:
    gettext-parser "^1.4.0"

gettext.js@^1.2.0:
  version "1.2.0"
  resolved "https://registry.npmmirror.com/gettext.js/-/gettext.js-1.2.0.tgz"
  integrity sha512-qOafHtn/xsXKiBOFO8enhdx8k09ViBYSnckhn4pn/QLCpQMF8S87q9f4cE2pVgbqWD9/9SyGpWRO0nWJsEDmlg==
  dependencies:
    po2json "^1.0.0-beta-3"

has-flag@^3.0.0:
  version "3.0.0"
  resolved "https://registry.npmmirror.com/has-flag/-/has-flag-3.0.0.tgz"
  integrity sha512-sKJf1+ceQBr4SMkvQnBDNDtf4TXpVhVGateu0t918bl30FnbE2m4vNLX+VWe/dpjlb+HugGYzW7uQXH98HPEYw==

has@^1.0.3:
  version "1.0.3"
  resolved "https://registry.npmmirror.com/has/-/has-1.0.3.tgz"
  integrity sha512-f2dvO0VU6Oej7RkWJGrehjbzMAjFp5/VKPp5tTpWIV4JHHZK1/BxbFRtf/siA2SWTe09caDmVtYYzWEIbBS4zw==
  dependencies:
    function-bind "^1.1.1"

iconv-lite@^0.6.2:
  version "0.6.3"
  resolved "https://registry.npmmirror.com/iconv-lite/-/iconv-lite-0.6.3.tgz"
  integrity sha512-4fCk79wshMdzMp2rH06qWrJE4iolqLhCUH+OiuIgU++RB0+94NlDL81atO7GX55uUKueo0txHNtvEyI6D7WdMw==
  dependencies:
    safer-buffer ">= 2.1.2 < 3.0.0"

import-fresh@^3.1.0:
  version "3.3.0"
  resolved "https://registry.npmmirror.com/import-fresh/-/import-fresh-3.3.0.tgz"
  integrity sha512-veYYhQa+D1QBKznvhUHxb8faxlrwUnxseDAbAp457E0wLNio2bOSKnjYDhMj+YiAq61xrMGhQk9iXVk5FzgQMw==
  dependencies:
    parent-module "^1.0.0"
    resolve-from "^4.0.0"

indent-string@^5.0.0:
  version "5.0.0"
  resolved "https://registry.npmmirror.com/indent-string/-/indent-string-5.0.0.tgz"
  integrity sha512-m6FAo/spmsW2Ab2fU35JTYwtOKa2yAwXSwgjSv1TJzh4Mh7mC3lzAOVLBprb72XsTrgkEIsl7YrFNAiDiRhIGg==

is-arrayish@^0.2.1:
  version "0.2.1"
  resolved "https://registry.npmmirror.com/is-arrayish/-/is-arrayish-0.2.1.tgz"
  integrity sha512-zz06S8t0ozoDXMG+ube26zeCTNXcKIPJZJi8hBrF4idCLms4CG9QtK7qBl1boi5ODzFpjswb5JPmHCbMpjaYzg==

is-core-module@^2.11.0:
  version "2.12.1"
  resolved "https://registry.npmmirror.com/is-core-module/-/is-core-module-2.12.1.tgz"
  integrity sha512-Q4ZuBAe2FUsKtyQJoQHlvP8OvBERxO3jEmy1I7hcRXcJBGGHFh/aJBswbXuS9sgrDH2QUO8ilkwNPHvHMd8clg==
  dependencies:
    has "^1.0.3"

js-tokens@^4.0.0:
  version "4.0.0"
  resolved "https://registry.npmmirror.com/js-tokens/-/js-tokens-4.0.0.tgz"
  integrity sha512-RdJUflcE3cUzKiMqQgsCu06FPu9UdIJO0beYbPhHN4k6apgJtifcoCtT9bcxOpYBtpD2kCM6Sbzg4CausW/PKQ==

json-parse-even-better-errors@^2.3.0:
  version "2.3.1"
  resolved "https://registry.npmmirror.com/json-parse-even-better-errors/-/json-parse-even-better-errors-2.3.1.tgz"
  integrity sha512-xyFwyhro/JEof6Ghe2iz2NcXoj2sloNsWr/XsERDK/oiPCfaNhl5ONfp+jQdAZRQQ0IJWNzH9zIZF7li91kh2w==

keypress@0.1.x:
  version "0.1.0"
  resolved "https://registry.npmmirror.com/keypress/-/keypress-0.1.0.tgz"
  integrity sha512-x0yf9PL/nx9Nw9oLL8ZVErFAk85/lslwEP7Vz7s5SI1ODXZIgit3C5qyWjw4DxOuO/3Hb4866SQh28a1V1d+WA==

lines-and-columns@^1.1.6:
  version "1.2.4"
  resolved "https://registry.npmmirror.com/lines-and-columns/-/lines-and-columns-1.2.4.tgz"
  integrity sha512-7ylylesZQ/PV29jhEDl3Ufjo6ZX7gCqJr5F7PKrqc93v7fzSymt1BpwEU8nAUXs8qzzvqhbjhK5QZg6Mt/HkBg==

lru-cache@^10.0.0:
  version "10.2.2"
  resolved "https://registry.npmmirror.com/lru-cache/-/lru-cache-10.2.2.tgz"
  integrity sha512-9hp3Vp2/hFQUiIwKo8XCeFVnrg8Pk3TYNPIR7tJADKi5YfcF7vEaK7avFHTlSy3kOKYaJQaalfEo6YuXdceBOQ==

octokit@^4.0.2:
  version "4.0.2"
  resolved "https://registry.npmmirror.com/octokit/-/octokit-4.0.2.tgz"
  integrity sha512-wbqF4uc1YbcldtiBFfkSnquHtECEIpYD78YUXI6ri1Im5OO2NLo6ZVpRdbJpdnpZ05zMrVPssNiEo6JQtea+Qg==
  dependencies:
    "@octokit/app" "^15.0.0"
    "@octokit/core" "^6.0.0"
    "@octokit/oauth-app" "^7.0.0"
    "@octokit/plugin-paginate-graphql" "^5.0.0"
    "@octokit/plugin-paginate-rest" "^11.0.0"
    "@octokit/plugin-rest-endpoint-methods" "^13.0.0"
    "@octokit/plugin-retry" "^7.0.0"
    "@octokit/plugin-throttling" "^9.0.0"
    "@octokit/request-error" "^6.0.0"
    "@octokit/types" "^13.0.0"

parent-module@^1.0.0:
  version "1.0.1"
  resolved "https://registry.npmmirror.com/parent-module/-/parent-module-1.0.1.tgz"
  integrity sha512-GQ2EWRpQV8/o+Aw8YqtfZZPfNRWZYkbidE9k5rpl/hC3vtHHBfGm2Ifi6qWV+coDGkrUKZAxE3Lot5kcsRlh+g==
  dependencies:
    callsites "^3.0.0"

parse-json@^5.0.0:
  version "5.2.0"
  resolved "https://registry.npmmirror.com/parse-json/-/parse-json-5.2.0.tgz"
  integrity sha512-ayCKvm/phCGxOkYRSCM82iDwct8/EonSEgCSxWxD7ve6jHggsFl4fZVQBPRNgQoKiuV/odhFrGzQXZwbifC8Rg==
  dependencies:
    "@babel/code-frame" "^7.0.0"
    error-ex "^1.3.1"
    json-parse-even-better-errors "^2.3.0"
    lines-and-columns "^1.1.6"

path-parse@^1.0.7:
  version "1.0.7"
  resolved "https://registry.npmmirror.com/path-parse/-/path-parse-1.0.7.tgz"
  integrity sha512-LDJzPVEEEPR+y48z93A0Ed0yXb8pAByGWo/k5YYdYgpY2/2EsOsksJrq7lOHxryrVOn1ejG6oAp8ahvOIQD8sw==

path-type@^4.0.0:
  version "4.0.0"
  resolved "https://registry.npmmirror.com/path-type/-/path-type-4.0.0.tgz"
  integrity sha512-gDKb8aZMDeD/tZWs9P6+q0J9Mwkdl6xMV8TjnGP3qJVJ06bdMgkbBlLU8IdfOsIsFz2BW1rNVT3XuNEl8zPAvw==

pinyin@^3.0.0-alpha.5:
  version "3.0.0-alpha.5"
  resolved "https://registry.npmmirror.com/pinyin/-/pinyin-3.0.0-alpha.5.tgz"
  integrity sha512-Sc8+Ch8uxZsVO0zvzHxvy24fEIixSl7V4kZoX4ThSyQ1BI0H8jIAqf0kxT8WMCX2xEHr1CYslKGDgSE4yj71hg==
  dependencies:
    commander "~1.1.1"
  optionalDependencies:
    "@node-rs/jieba" "^1.6.0"
    nodejieba "2.5.2"
    segmentit "^2.0.3"

po2json@^1.0.0-beta-3:
  version "1.0.0-beta-3"
  resolved "https://registry.npmmirror.com/po2json/-/po2json-1.0.0-beta-3.tgz"
  integrity sha512-taS8y6ZEGzPAs0rygW9CuUPY8C3Zgx6cBy31QXxG2JlWS3fLxj/kuD3cbIfXBg30PuYN7J5oyBa/TIRjyqFFtg==
  dependencies:
    commander "^6.0.0"
    gettext-parser "2.0.0"
    gettext-to-messageformat "0.3.1"

preval.macro@^4.0.0:
  version "4.0.0"
  resolved "https://registry.npmmirror.com/preval.macro/-/preval.macro-4.0.0.tgz"
  integrity sha512-sJJnE71X+MPr64CVD2AurmUj4JEDqbudYbStav3L9Xjcqm4AR0ymMm6sugw1mUmfI/7gw4JWA4JXo/k6w34crw==
  dependencies:
    babel-plugin-preval "^4.0.0"

regenerator-runtime@^0.13.11:
  version "0.13.11"
  resolved "https://registry.npmmirror.com/regenerator-runtime/-/regenerator-runtime-0.13.11.tgz"
  integrity sha512-kY1AZVr2Ra+t+piVaJ4gxaFaReZVH40AKNo7UCX6W+dEwBo/2oZJzqfuN1qLq1oL45o56cPaTXELwrTh8Fpggg==

require-from-string@^2.0.2:
  version "2.0.2"
  resolved "https://registry.npmmirror.com/require-from-string/-/require-from-string-2.0.2.tgz"
  integrity sha512-Xf0nWe6RseziFMu+Ap9biiUbmplq6S9/p+7w7YXP/JBHhrUDDUhwa+vANyubuqfZWTveU//DYVGsDG7RKL/vEw==

resolve-from@^4.0.0:
  version "4.0.0"
  resolved "https://registry.npmmirror.com/resolve-from/-/resolve-from-4.0.0.tgz"
  integrity sha512-pb/MYmXstAkysRFx8piNI1tGFNQIFA3vkE3Gq4EuA1dF6gHp/+vgZqsCGJapvy8N3Q+4o7FwvquPJcnZ7RYy4g==

resolve@^1.12.0:
  version "1.22.2"
  resolved "https://registry.npmmirror.com/resolve/-/resolve-1.22.2.tgz"
  integrity sha512-Sb+mjNHOULsBv818T40qSPeRiuWLyaGMa5ewydRLFimneixmVy2zdivRl+AF6jaYPC8ERxGDmFSiqui6SfPd+g==
  dependencies:
    is-core-module "^2.11.0"
    path-parse "^1.0.7"
    supports-preserve-symlinks-flag "^1.0.0"

safe-buffer@^5.1.1, safe-buffer@^5.1.2:
  version "5.2.1"
  resolved "https://registry.npmmirror.com/safe-buffer/-/safe-buffer-5.2.1.tgz"
  integrity sha512-rp3So07KcdmmKbGvgaNxQSJr7bGVSVk5S9Eq1F+ppbRo70+YeaDxkw5Dd8NPN+GD6bjnYm2VuPuCXmpuYvmCXQ==

"safer-buffer@>= 2.1.2 < 3.0.0":
  version "2.1.2"
  resolved "https://registry.npmmirror.com/safer-buffer/-/safer-buffer-2.1.2.tgz"
  integrity sha512-YZo3K82SD7Riyi0E1EQPojLz7kpepnSQI9IyPbHHg1XXXevb5dJI7tpyN2ADxGcQbHG7vcyRHk0cbwqcQriUtg==

segmentit@^2.0.3:
  version "2.0.3"
  resolved "https://registry.npmmirror.com/segmentit/-/segmentit-2.0.3.tgz"
  integrity sha512-7mn2XL3OdTUQ+AhHz7SbgyxLTaQRzTWQNVwiK+UlTO8aePGbSwvKUzTwE4238+OUY9MoR6ksAg35zl8sfTunQQ==
  dependencies:
    preval.macro "^4.0.0"

supports-color@^5.3.0:
  version "5.5.0"
  resolved "https://registry.npmmirror.com/supports-color/-/supports-color-5.5.0.tgz"
  integrity sha512-QjVjwdXIt408MIiAqCX4oUKsgU2EqAGzs2Ppkm4aQYbjm+ZEWEcW4SfFNTr4uMNZma0ey4f5lgLrkB0aX0QMow==
  dependencies:
    has-flag "^3.0.0"

supports-preserve-symlinks-flag@^1.0.0:
  version "1.0.0"
  resolved "https://registry.npmmirror.com/supports-preserve-symlinks-flag/-/supports-preserve-symlinks-flag-1.0.0.tgz"
  integrity sha512-ot0WnXS9fgdkgIcePe6RHNk1WA8+muPa6cSjeR3V8K27q9BB1rTE3R1p7Hv0z1ZyAc8s6Vvv8DIyWf681MAt0w==

universal-github-app-jwt@^2.2.0:
  version "2.2.0"
  resolved "https://registry.npmmirror.com/universal-github-app-jwt/-/universal-github-app-jwt-2.2.0.tgz"
  integrity sha512-G5o6f95b5BggDGuUfKDApKaCgNYy2x7OdHY0zSMF081O0EJobw+1130VONhrA7ezGSV2FNOGyM+KQpQZAr9bIQ==

universal-user-agent@^7.0.0, universal-user-agent@^7.0.2:
  version "7.0.2"
  resolved "https://registry.npmmirror.com/universal-user-agent/-/universal-user-agent-7.0.2.tgz"
  integrity sha512-0JCqzSKnStlRRQfCdowvqy3cy0Dvtlb8xecj/H8JFZuCze4rwjPZQOgvFvn0Ws/usCHQFGpyr+pB9adaGwXn4Q==

yaml@^1.7.2:
  version "1.10.2"
  resolved "https://registry.npmmirror.com/yaml/-/yaml-1.10.2.tgz"
  integrity sha512-r3vXyErRCYJ7wg28yvBY5VSoAF8ZvlcW9/BwUzEtUsjvX/DKs24dIkuwjtuprwJJHsbyUbLApepYTR1BN4uHrg==
